<?xml version="1.0" encoding="utf-8"?>
<Project ToolsVersion="4.0" xmlns="http://schemas.microsoft.com/developer/msbuild/2003">
  <ItemGroup>
    <Filter Include="Source Files">
      <UniqueIdentifier>{4FC737F1-C7A5-4376-A066-2A32D752A2FF}</UniqueIdentifier>
      <Extensions>cpp;c;cc;cxx;c++;cppm;ixx;def;odl;idl;hpj;bat;asm;asmx</Extensions>
    </Filter>
    <Filter Include="Header Files">
      <UniqueIdentifier>{93995380-89BD-4b04-88EB-625FBE52EBFB}</UniqueIdentifier>
      <Extensions>h;hh;hpp;hxx;h++;hm;inl;inc;ipp;xsd</Extensions>
    </Filter>
    <Filter Include="Resource Files">
      <UniqueIdentifier>{67DA6AB6-F800-4c08-8B7A-83BB121AAD01}</UniqueIdentifier>
      <Extensions>rc;ico;cur;bmp;dlg;rc2;rct;bin;rgs;gif;jpg;jpeg;jpe;resx;tiff;tif;png;wav;mfcribbon-ms</Extensions>
    </Filter>
  </ItemGroup>
  <ItemGroup>
    <ClCompile Include="src\main.cpp">
      <Filter>Source Files</Filter>
    </ClCompile>
    <ClCompile Include="src\platform\platform.cpp">
      <Filter>Source Files</Filter>
    </ClCompile>
    <ClCompile Include="src\util\vk_util.cpp">
      <Filter>Source Files</Filter>
    </ClCompile>
    <ClCompile Include="src\vulkan_backend\vk_backend.cpp">
      <Filter>Source Files</Filter>
    </ClCompile>
    <ClCompile Include="src\vulkan_backend\vk_backend_instance_builder.cpp">
      <Filter>Source Files</Filter>
    </ClCompile>
    <ClCompile Include="src\vulkan_backend\vk_backend_logic_device.cpp">
      <Filter>Source Files</Filter>
    </ClCompile>
    <ClCompile Include="src\vulkan_backend\vk_backend_physical_device.cpp">
      <Filter>Source Files</Filter>
    </ClCompile>
    <ClCompile Include="src\vulkan_backend\vk_backend_surface.cpp">
      <Filter>Source Files</Filter>
    </ClCompile>
    <ClCompile Include="src\vulkan_backend\vk_frame_manager.cpp">
      <Filter>Source Files</Filter>
    </ClCompile>
    <ClCompile Include="src\vulkan_backend\vk_swapchain.cpp">
      <Filter>Source Files</Filter>
    </ClCompile>
    <ClCompile Include="src\engine\BlasphemyEngine.cpp">
      <Filter>Source Files</Filter>
    </ClCompile>
    <ClCompile Include="src\util\vk_helper.cpp">
      <Filter>Source Files</Filter>
    </ClCompile>
    <ClCompile Include="src\initVMA\initVMA.cpp">
      <Filter>Source Files</Filter>
    </ClCompile>
    <ClCompile Include="external\volk\volk.c">
      <Filter>Source Files</Filter>
    </ClCompile>
    <ClCompile Include="src\descriptors\descriptors.cpp">
      <Filter>Source Files</Filter>
    </ClCompile>
    <ClCompile Include="src\pipelines\pipeline_builder.cpp">
      <Filter>Source Files</Filter>
    </ClCompile>
    <ClCompile Include="src\shader\shader_util.cpp">
      <Filter>Source Files</Filter>
    </ClCompile>
    <ClCompile Include="src\pipelines\pipeline_manager.cpp">
      <Filter>Source Files</Filter>
    </ClCompile>
    <ClCompile Include="src\util\utility.cpp">
      <Filter>Source Files</Filter>
    </ClCompile>
    <ClCompile Include="src\shader\glslangDefaultTBuiltinResource.cpp">
      <Filter>Source Files</Filter>
    </ClCompile>
    <ClCompile Include="src\renderer\renderer.cpp">
      <Filter>Source Files</Filter>
    </ClCompile>
    <ClCompile Include="src\renderer\renderer_renderpasses.cpp">
      <Filter>Source Files</Filter>
    </ClCompile>
  </ItemGroup>
  <ItemGroup>
    <ClInclude Include="src\platform\platform.h">
      <Filter>Source Files</Filter>
    </ClInclude>
    <ClInclude Include="src\util\vk_util.h">
      <Filter>Header Files</Filter>
    </ClInclude>
    <ClInclude Include="src\types\vk_types.h">
      <Filter>Header Files</Filter>
    </ClInclude>
    <ClInclude Include="src\util\vk_helper.h">
      <Filter>Header Files</Filter>
    </ClInclude>
    <ClInclude Include="src\vulkan_backend\vk_swapchain.h">
      <Filter>Header Files</Filter>
    </ClInclude>
    <ClInclude Include="src\vulkan_backend\vk_backend.h">
      <Filter>Header Files</Filter>
    </ClInclude>
    <ClInclude Include="src\vulkan_backend\vk_backend_instance_builder.h">
      <Filter>Header Files</Filter>
    </ClInclude>
    <ClInclude Include="src\vulkan_backend\vk_frame_manager.h">
      <Filter>Header Files</Filter>
    </ClInclude>
    <ClInclude Include="src\engine\BlasphemyEngine.h">
      <Filter>Header Files</Filter>
    </ClInclude>
    <ClInclude Include="src\renderer\renderer.h">
      <Filter>Header Files</Filter>
    </ClInclude>
    <ClInclude Include="src\descriptors\descriptors.h">
      <Filter>Header Files</Filter>
    </ClInclude>
    <ClInclude Include="src\pipelines\pipeline_builder.h">
      <Filter>Header Files</Filter>
    </ClInclude>
    <ClInclude Include="src\pipelines\pipeline_types.h">
      <Filter>Header Files</Filter>
    </ClInclude>
    <ClInclude Include="src\shader\shader_types.h">
      <Filter>Header Files</Filter>
    </ClInclude>
    <ClInclude Include="src\shader\shader_util.h">
      <Filter>Header Files</Filter>
    </ClInclude>
    <ClInclude Include="src\pipelines\pipeline_manager.h">
      <Filter>Header Files</Filter>
    </ClInclude>
    <ClInclude Include="src\util\utility.h">
      <Filter>Header Files</Filter>
    </ClInclude>
    <ClInclude Include="src\shader\glslangDefaultTBuiltinResource.h">
      <Filter>Header Files</Filter>
    </ClInclude>
  </ItemGroup>
</Project>